
Microsoft Visual Studio Solution File, Format Version 12.00
# Visual Studio 15
VisualStudioVersion = 15.0.28307.438
MinimumVisualStudioVersion = 10.0.40219.1
Project("{FAE04EC0-301F-11D3-BF4B-00C04F79EFBC}") = "App1.Android", "App1\App1.Android\App1.Android.csproj", "{31080D34-1F18-44A4-B1F5-790E189A40FB}"
EndProject
Project("{FAE04EC0-301F-11D3-BF4B-00C04F79EFBC}") = "App1.iOS", "App1\App1.iOS\App1.iOS.csproj", "{FA530BAD-3108-4743-B4EF-45B45D4FF6D2}"
EndProject
Project("{FAE04EC0-301F-11D3-BF4B-00C04F79EFBC}") = "App1.UWP", "App1\App1.UWP\App1.UWP.csproj", "{842EB404-FBE2-44DB-BB29-AA8A22C337DA}"
EndProject
Project("{FAE04EC0-301F-11D3-BF4B-00C04F79EFBC}") = "App1", "App1\App1\App1.csproj", "{60EB75B9-C8C0-4B51-A547-0FE3FFBBFC59}"
EndProject
Global
	GlobalSection(SolutionConfigurationPlatforms) = preSolution
		Ad-Hoc|Any CPU = Ad-Hoc|Any CPU
		Ad-Hoc|ARM = Ad-Hoc|ARM
		Ad-Hoc|iPhone = Ad-Hoc|iPhone
		Ad-Hoc|iPhoneSimulator = Ad-Hoc|iPhoneSimulator
		Ad-Hoc|x64 = Ad-Hoc|x64
		Ad-Hoc|x86 = Ad-Hoc|x86
		AppStore|Any CPU = AppStore|Any CPU
		AppStore|ARM = AppStore|ARM
		AppStore|iPhone = AppStore|iPhone
		AppStore|iPhoneSimulator = AppStore|iPhoneSimulator
		AppStore|x64 = AppStore|x64
		AppStore|x86 = AppStore|x86
		Debug|Any CPU = Debug|Any CPU
		Debug|ARM = Debug|ARM
		Debug|iPhone = Debug|iPhone
		Debug|iPhoneSimulator = Debug|iPhoneSimulator
		Debug|x64 = Debug|x64
		Debug|x86 = Debug|x86
		Release|Any CPU = Release|Any CPU
		Release|ARM = Release|ARM
		Release|iPhone = Release|iPhone
		Release|iPhoneSimulator = Release|iPhoneSimulator
		Release|x64 = Release|x64
		Release|x86 = Release|x86
	EndGlobalSection
	GlobalSection(ProjectConfigurationPlatforms) = postSolution
		{31080D34-1F18-44A4-B1F5-790E189A40FB}.Ad-Hoc|Any CPU.ActiveCfg = Release|Any CPU
		{31080D34-1F18-44A4-B1F5-790E189A40FB}.Ad-Hoc|Any CPU.Build.0 = Release|Any CPU
		{31080D34-1F18-44A4-B1F5-790E189A40FB}.Ad-Hoc|Any CPU.Deploy.0 = Release|Any CPU
		{31080D34-1F18-44A4-B1F5-790E189A40FB}.Ad-Hoc|ARM.ActiveCfg = Release|Any CPU
		{31080D34-1F18-44A4-B1F5-790E189A40FB}.Ad-Hoc|ARM.Build.0 = Release|Any CPU
		{31080D34-1F18-44A4-B1F5-790E189A40FB}.Ad-Hoc|ARM.Deploy.0 = Release|Any CPU
		{31080D34-1F18-44A4-B1F5-790E189A40FB}.Ad-Hoc|iPhone.ActiveCfg = Release|Any CPU
		{31080D34-1F18-44A4-B1F5-790E189A40FB}.Ad-Hoc|iPhone.Build.0 = Release|Any CPU
		{31080D34-1F18-44A4-B1F5-790E189A40FB}.Ad-Hoc|iPhone.Deploy.0 = Release|Any CPU
		{31080D34-1F18-44A4-B1F5-790E189A40FB}.Ad-Hoc|iPhoneSimulator.ActiveCfg = Release|Any CPU
		{31080D34-1F18-44A4-B1F5-790E189A40FB}.Ad-Hoc|iPhoneSimulator.Build.0 = Release|Any CPU
		{31080D34-1F18-44A4-B1F5-790E189A40FB}.Ad-Hoc|iPhoneSimulator.Deploy.0 = Release|Any CPU
		{31080D34-1F18-44A4-B1F5-790E189A40FB}.Ad-Hoc|x64.ActiveCfg = Release|Any CPU
		{31080D34-1F18-44A4-B1F5-790E189A40FB}.Ad-Hoc|x64.Build.0 = Release|Any CPU
		{31080D34-1F18-44A4-B1F5-790E189A40FB}.Ad-Hoc|x64.Deploy.0 = Release|Any CPU
		{31080D34-1F18-44A4-B1F5-790E189A40FB}.Ad-Hoc|x86.ActiveCfg = Release|Any CPU
		{31080D34-1F18-44A4-B1F5-790E189A40FB}.Ad-Hoc|x86.Build.0 = Release|Any CPU
		{31080D34-1F18-44A4-B1F5-790E189A40FB}.Ad-Hoc|x86.Deploy.0 = Release|Any CPU
		{31080D34-1F18-44A4-B1F5-790E189A40FB}.AppStore|Any CPU.ActiveCfg = Release|Any CPU
		{31080D34-1F18-44A4-B1F5-790E189A40FB}.AppStore|Any CPU.Build.0 = Release|Any CPU
		{31080D34-1F18-44A4-B1F5-790E189A40FB}.AppStore|Any CPU.Deploy.0 = Release|Any CPU
		{31080D34-1F18-44A4-B1F5-790E189A40FB}.AppStore|ARM.ActiveCfg = Release|Any CPU
		{31080D34-1F18-44A4-B1F5-790E189A40FB}.AppStore|ARM.Build.0 = Release|Any CPU
		{31080D34-1F18-44A4-B1F5-790E189A40FB}.AppStore|ARM.Deploy.0 = Release|Any CPU
		{31080D34-1F18-44A4-B1F5-790E189A40FB}.AppStore|iPhone.ActiveCfg = Release|Any CPU
		{31080D34-1F18-44A4-B1F5-790E189A40FB}.AppStore|iPhone.Build.0 = Release|Any CPU
		{31080D34-1F18-44A4-B1F5-790E189A40FB}.AppStore|iPhone.Deploy.0 = Release|Any CPU
		{31080D34-1F18-44A4-B1F5-790E189A40FB}.AppStore|iPhoneSimulator.ActiveCfg = Release|Any CPU
		{31080D34-1F18-44A4-B1F5-790E189A40FB}.AppStore|iPhoneSimulator.Build.0 = Release|Any CPU
		{31080D34-1F18-44A4-B1F5-790E189A40FB}.AppStore|iPhoneSimulator.Deploy.0 = Release|Any CPU
		{31080D34-1F18-44A4-B1F5-790E189A40FB}.AppStore|x64.ActiveCfg = Release|Any CPU
		{31080D34-1F18-44A4-B1F5-790E189A40FB}.AppStore|x64.Build.0 = Release|Any CPU
		{31080D34-1F18-44A4-B1F5-790E189A40FB}.AppStore|x64.Deploy.0 = Release|Any CPU
		{31080D34-1F18-44A4-B1F5-790E189A40FB}.AppStore|x86.ActiveCfg = Release|Any CPU
		{31080D34-1F18-44A4-B1F5-790E189A40FB}.AppStore|x86.Build.0 = Release|Any CPU
		{31080D34-1F18-44A4-B1F5-790E189A40FB}.AppStore|x86.Deploy.0 = Release|Any CPU
		{31080D34-1F18-44A4-B1F5-790E189A40FB}.Debug|Any CPU.ActiveCfg = Debug|Any CPU
		{31080D34-1F18-44A4-B1F5-790E189A40FB}.Debug|Any CPU.Build.0 = Debug|Any CPU
		{31080D34-1F18-44A4-B1F5-790E189A40FB}.Debug|Any CPU.Deploy.0 = Debug|Any CPU
		{31080D34-1F18-44A4-B1F5-790E189A40FB}.Debug|ARM.ActiveCfg = Debug|Any CPU
		{31080D34-1F18-44A4-B1F5-790E189A40FB}.Debug|ARM.Build.0 = Debug|Any CPU
		{31080D34-1F18-44A4-B1F5-790E189A40FB}.Debug|ARM.Deploy.0 = Debug|Any CPU
		{31080D34-1F18-44A4-B1F5-790E189A40FB}.Debug|iPhone.ActiveCfg = Debug|Any CPU
		{31080D34-1F18-44A4-B1F5-790E189A40FB}.Debug|iPhone.Build.0 = Debug|Any CPU
		{31080D34-1F18-44A4-B1F5-790E189A40FB}.Debug|iPhone.Deploy.0 = Debug|Any CPU
		{31080D34-1F18-44A4-B1F5-790E189A40FB}.Debug|iPhoneSimulator.ActiveCfg = Debug|Any CPU
		{31080D34-1F18-44A4-B1F5-790E189A40FB}.Debug|iPhoneSimulator.Build.0 = Debug|Any CPU
		{31080D34-1F18-44A4-B1F5-790E189A40FB}.Debug|iPhoneSimulator.Deploy.0 = Debug|Any CPU
		{31080D34-1F18-44A4-B1F5-790E189A40FB}.Debug|x64.ActiveCfg = Debug|Any CPU
		{31080D34-1F18-44A4-B1F5-790E189A40FB}.Debug|x64.Build.0 = Debug|Any CPU
		{31080D34-1F18-44A4-B1F5-790E189A40FB}.Debug|x64.Deploy.0 = Debug|Any CPU
		{31080D34-1F18-44A4-B1F5-790E189A40FB}.Debug|x86.ActiveCfg = Debug|Any CPU
		{31080D34-1F18-44A4-B1F5-790E189A40FB}.Debug|x86.Build.0 = Debug|Any CPU
		{31080D34-1F18-44A4-B1F5-790E189A40FB}.Debug|x86.Deploy.0 = Debug|Any CPU
		{31080D34-1F18-44A4-B1F5-790E189A40FB}.Release|Any CPU.ActiveCfg = Release|Any CPU
		{31080D34-1F18-44A4-B1F5-790E189A40FB}.Release|Any CPU.Build.0 = Release|Any CPU
		{31080D34-1F18-44A4-B1F5-790E189A40FB}.Release|Any CPU.Deploy.0 = Release|Any CPU
		{31080D34-1F18-44A4-B1F5-790E189A40FB}.Release|ARM.ActiveCfg = Release|Any CPU
		{31080D34-1F18-44A4-B1F5-790E189A40FB}.Release|ARM.Build.0 = Release|Any CPU
		{31080D34-1F18-44A4-B1F5-790E189A40FB}.Release|ARM.Deploy.0 = Release|Any CPU
		{31080D34-1F18-44A4-B1F5-790E189A40FB}.Release|iPhone.ActiveCfg = Release|Any CPU
		{31080D34-1F18-44A4-B1F5-790E189A40FB}.Release|iPhone.Build.0 = Release|Any CPU
		{31080D34-1F18-44A4-B1F5-790E189A40FB}.Release|iPhone.Deploy.0 = Release|Any CPU
		{31080D34-1F18-44A4-B1F5-790E189A40FB}.Release|iPhoneSimulator.ActiveCfg = Release|Any CPU
		{31080D34-1F18-44A4-B1F5-790E189A40FB}.Release|iPhoneSimulator.Build.0 = Release|Any CPU
		{31080D34-1F18-44A4-B1F5-790E189A40FB}.Release|iPhoneSimulator.Deploy.0 = Release|Any CPU
		{31080D34-1F18-44A4-B1F5-790E189A40FB}.Release|x64.ActiveCfg = Release|Any CPU
		{31080D34-1F18-44A4-B1F5-790E189A40FB}.Release|x64.Build.0 = Release|Any CPU
		{31080D34-1F18-44A4-B1F5-790E189A40FB}.Release|x64.Deploy.0 = Release|Any CPU
		{31080D34-1F18-44A4-B1F5-790E189A40FB}.Release|x86.ActiveCfg = Release|Any CPU
		{31080D34-1F18-44A4-B1F5-790E189A40FB}.Release|x86.Build.0 = Release|Any CPU
		{31080D34-1F18-44A4-B1F5-790E189A40FB}.Release|x86.Deploy.0 = Release|Any CPU
		{FA530BAD-3108-4743-B4EF-45B45D4FF6D2}.Ad-Hoc|Any CPU.ActiveCfg = Ad-Hoc|iPhone
		{FA530BAD-3108-4743-B4EF-45B45D4FF6D2}.Ad-Hoc|Any CPU.Build.0 = Ad-Hoc|iPhone
		{FA530BAD-3108-4743-B4EF-45B45D4FF6D2}.Ad-Hoc|Any CPU.Deploy.0 = Ad-Hoc|iPhone
		{FA530BAD-3108-4743-B4EF-45B45D4FF6D2}.Ad-Hoc|ARM.ActiveCfg = Ad-Hoc|iPhone
		{FA530BAD-3108-4743-B4EF-45B45D4FF6D2}.Ad-Hoc|ARM.Build.0 = Ad-Hoc|iPhone
		{FA530BAD-3108-4743-B4EF-45B45D4FF6D2}.Ad-Hoc|ARM.Deploy.0 = Ad-Hoc|iPhone
		{FA530BAD-3108-4743-B4EF-45B45D4FF6D2}.Ad-Hoc|iPhone.ActiveCfg = Ad-Hoc|iPhone
		{FA530BAD-3108-4743-B4EF-45B45D4FF6D2}.Ad-Hoc|iPhone.Build.0 = Ad-Hoc|iPhone
		{FA530BAD-3108-4743-B4EF-45B45D4FF6D2}.Ad-Hoc|iPhone.Deploy.0 = Ad-Hoc|iPhone
		{FA530BAD-3108-4743-B4EF-45B45D4FF6D2}.Ad-Hoc|iPhoneSimulator.ActiveCfg = Ad-Hoc|iPhoneSimulator
		{FA530BAD-3108-4743-B4EF-45B45D4FF6D2}.Ad-Hoc|iPhoneSimulator.Build.0 = Ad-Hoc|iPhoneSimulator
		{FA530BAD-3108-4743-B4EF-45B45D4FF6D2}.Ad-Hoc|iPhoneSimulator.Deploy.0 = Ad-Hoc|iPhoneSimulator
		{FA530BAD-3108-4743-B4EF-45B45D4FF6D2}.Ad-Hoc|x64.ActiveCfg = Ad-Hoc|iPhone
		{FA530BAD-3108-4743-B4EF-45B45D4FF6D2}.Ad-Hoc|x64.Build.0 = Ad-Hoc|iPhone
		{FA530BAD-3108-4743-B4EF-45B45D4FF6D2}.Ad-Hoc|x64.Deploy.0 = Ad-Hoc|iPhone
		{FA530BAD-3108-4743-B4EF-45B45D4FF6D2}.Ad-Hoc|x86.ActiveCfg = Ad-Hoc|iPhone
		{FA530BAD-3108-4743-B4EF-45B45D4FF6D2}.Ad-Hoc|x86.Build.0 = Ad-Hoc|iPhone
		{FA530BAD-3108-4743-B4EF-45B45D4FF6D2}.Ad-Hoc|x86.Deploy.0 = Ad-Hoc|iPhone
		{FA530BAD-3108-4743-B4EF-45B45D4FF6D2}.AppStore|Any CPU.ActiveCfg = AppStore|iPhone
		{FA530BAD-3108-4743-B4EF-45B45D4FF6D2}.AppStore|Any CPU.Build.0 = AppStore|iPhone
		{FA530BAD-3108-4743-B4EF-45B45D4FF6D2}.AppStore|Any CPU.Deploy.0 = AppStore|iPhone
		{FA530BAD-3108-4743-B4EF-45B45D4FF6D2}.AppStore|ARM.ActiveCfg = AppStore|iPhone
		{FA530BAD-3108-4743-B4EF-45B45D4FF6D2}.AppStore|ARM.Build.0 = AppStore|iPhone
		{FA530BAD-3108-4743-B4EF-45B45D4FF6D2}.AppStore|ARM.Deploy.0 = AppStore|iPhone
		{FA530BAD-3108-4743-B4EF-45B45D4FF6D2}.AppStore|iPhone.ActiveCfg = AppStore|iPhone
		{FA530BAD-3108-4743-B4EF-45B45D4FF6D2}.AppStore|iPhone.Build.0 = AppStore|iPhone
		{FA530BAD-3108-4743-B4EF-45B45D4FF6D2}.AppStore|iPhone.Deploy.0 = AppStore|iPhone
		{FA530BAD-3108-4743-B4EF-45B45D4FF6D2}.AppStore|iPhoneSimulator.ActiveCfg = AppStore|iPhoneSimulator
		{FA530BAD-3108-4743-B4EF-45B45D4FF6D2}.AppStore|iPhoneSimulator.Build.0 = AppStore|iPhoneSimulator
		{FA530BAD-3108-4743-B4EF-45B45D4FF6D2}.AppStore|iPhoneSimulator.Deploy.0 = AppStore|iPhoneSimulator
		{FA530BAD-3108-4743-B4EF-45B45D4FF6D2}.AppStore|x64.ActiveCfg = AppStore|iPhone
		{FA530BAD-3108-4743-B4EF-45B45D4FF6D2}.AppStore|x64.Build.0 = AppStore|iPhone
		{FA530BAD-3108-4743-B4EF-45B45D4FF6D2}.AppStore|x64.Deploy.0 = AppStore|iPhone
		{FA530BAD-3108-4743-B4EF-45B45D4FF6D2}.AppStore|x86.ActiveCfg = AppStore|iPhone
		{FA530BAD-3108-4743-B4EF-45B45D4FF6D2}.AppStore|x86.Build.0 = AppStore|iPhone
		{FA530BAD-3108-4743-B4EF-45B45D4FF6D2}.AppStore|x86.Deploy.0 = AppStore|iPhone
		{FA530BAD-3108-4743-B4EF-45B45D4FF6D2}.Debug|Any CPU.ActiveCfg = Debug|iPhoneSimulator
		{FA530BAD-3108-4743-B4EF-45B45D4FF6D2}.Debug|Any CPU.Build.0 = Debug|iPhoneSimulator
		{FA530BAD-3108-4743-B4EF-45B45D4FF6D2}.Debug|Any CPU.Deploy.0 = Debug|iPhoneSimulator
		{FA530BAD-3108-4743-B4EF-45B45D4FF6D2}.Debug|ARM.ActiveCfg = Debug|iPhone
		{FA530BAD-3108-4743-B4EF-45B45D4FF6D2}.Debug|ARM.Build.0 = Debug|iPhone
		{FA530BAD-3108-4743-B4EF-45B45D4FF6D2}.Debug|ARM.Deploy.0 = Debug|iPhone
		{FA530BAD-3108-4743-B4EF-45B45D4FF6D2}.Debug|iPhone.ActiveCfg = Debug|iPhone
		{FA530BAD-3108-4743-B4EF-45B45D4FF6D2}.Debug|iPhone.Build.0 = Debug|iPhone
		{FA530BAD-3108-4743-B4EF-45B45D4FF6D2}.Debug|iPhone.Deploy.0 = Debug|iPhone
		{FA530BAD-3108-4743-B4EF-45B45D4FF6D2}.Debug|iPhoneSimulator.ActiveCfg = Debug|iPhoneSimulator
		{FA530BAD-3108-4743-B4EF-45B45D4FF6D2}.Debug|iPhoneSimulator.Build.0 = Debug|iPhoneSimulator
		{FA530BAD-3108-4743-B4EF-45B45D4FF6D2}.Debug|iPhoneSimulator.Deploy.0 = Debug|iPhoneSimulator
		{FA530BAD-3108-4743-B4EF-45B45D4FF6D2}.Debug|x64.ActiveCfg = Debug|iPhone
		{FA530BAD-3108-4743-B4EF-45B45D4FF6D2}.Debug|x64.Build.0 = Debug|iPhone
		{FA530BAD-3108-4743-B4EF-45B45D4FF6D2}.Debug|x64.Deploy.0 = Debug|iPhone
		{FA530BAD-3108-4743-B4EF-45B45D4FF6D2}.Debug|x86.ActiveCfg = Debug|iPhone
		{FA530BAD-3108-4743-B4EF-45B45D4FF6D2}.Debug|x86.Build.0 = Debug|iPhone
		{FA530BAD-3108-4743-B4EF-45B45D4FF6D2}.Debug|x86.Deploy.0 = Debug|iPhone
		{FA530BAD-3108-4743-B4EF-45B45D4FF6D2}.Release|Any CPU.ActiveCfg = Release|iPhone
		{FA530BAD-3108-4743-B4EF-45B45D4FF6D2}.Release|Any CPU.Build.0 = Release|iPhone
		{FA530BAD-3108-4743-B4EF-45B45D4FF6D2}.Release|Any CPU.Deploy.0 = Release|iPhone
		{FA530BAD-3108-4743-B4EF-45B45D4FF6D2}.Release|ARM.ActiveCfg = Release|iPhone
		{FA530BAD-3108-4743-B4EF-45B45D4FF6D2}.Release|ARM.Build.0 = Release|iPhone
		{FA530BAD-3108-4743-B4EF-45B45D4FF6D2}.Release|ARM.Deploy.0 = Release|iPhone
		{FA530BAD-3108-4743-B4EF-45B45D4FF6D2}.Release|iPhone.ActiveCfg = Release|iPhone
		{FA530BAD-3108-4743-B4EF-45B45D4FF6D2}.Release|iPhone.Build.0 = Release|iPhone
		{FA530BAD-3108-4743-B4EF-45B45D4FF6D2}.Release|iPhone.Deploy.0 = Release|iPhone
		{FA530BAD-3108-4743-B4EF-45B45D4FF6D2}.Release|iPhoneSimulator.ActiveCfg = Release|iPhoneSimulator
		{FA530BAD-3108-4743-B4EF-45B45D4FF6D2}.Release|iPhoneSimulator.Build.0 = Release|iPhoneSimulator
		{FA530BAD-3108-4743-B4EF-45B45D4FF6D2}.Release|iPhoneSimulator.Deploy.0 = Release|iPhoneSimulator
		{FA530BAD-3108-4743-B4EF-45B45D4FF6D2}.Release|x64.ActiveCfg = Release|iPhone
		{FA530BAD-3108-4743-B4EF-45B45D4FF6D2}.Release|x64.Build.0 = Release|iPhone
		{FA530BAD-3108-4743-B4EF-45B45D4FF6D2}.Release|x64.Deploy.0 = Release|iPhone
		{FA530BAD-3108-4743-B4EF-45B45D4FF6D2}.Release|x86.ActiveCfg = Release|iPhone
		{FA530BAD-3108-4743-B4EF-45B45D4FF6D2}.Release|x86.Build.0 = Release|iPhone
		{FA530BAD-3108-4743-B4EF-45B45D4FF6D2}.Release|x86.Deploy.0 = Release|iPhone
		{842EB404-FBE2-44DB-BB29-AA8A22C337DA}.Ad-Hoc|Any CPU.ActiveCfg = Release|x86
		{842EB404-FBE2-44DB-BB29-AA8A22C337DA}.Ad-Hoc|Any CPU.Build.0 = Release|x86
		{842EB404-FBE2-44DB-BB29-AA8A22C337DA}.Ad-Hoc|Any CPU.Deploy.0 = Release|x86
		{842EB404-FBE2-44DB-BB29-AA8A22C337DA}.Ad-Hoc|ARM.ActiveCfg = Release|ARM
		{842EB404-FBE2-44DB-BB29-AA8A22C337DA}.Ad-Hoc|ARM.Build.0 = Release|ARM
		{842EB404-FBE2-44DB-BB29-AA8A22C337DA}.Ad-Hoc|ARM.Deploy.0 = Release|ARM
		{842EB404-FBE2-44DB-BB29-AA8A22C337DA}.Ad-Hoc|iPhone.ActiveCfg = Release|x86
		{842EB404-FBE2-44DB-BB29-AA8A22C337DA}.Ad-Hoc|iPhone.Build.0 = Release|x86
		{842EB404-FBE2-44DB-BB29-AA8A22C337DA}.Ad-Hoc|iPhone.Deploy.0 = Release|x86
		{842EB404-FBE2-44DB-BB29-AA8A22C337DA}.Ad-Hoc|iPhoneSimulator.ActiveCfg = Release|x86
		{842EB404-FBE2-44DB-BB29-AA8A22C337DA}.Ad-Hoc|iPhoneSimulator.Build.0 = Release|x86
		{842EB404-FBE2-44DB-BB29-AA8A22C337DA}.Ad-Hoc|iPhoneSimulator.Deploy.0 = Release|x86
		{842EB404-FBE2-44DB-BB29-AA8A22C337DA}.Ad-Hoc|x64.ActiveCfg = Release|x64
		{842EB404-FBE2-44DB-BB29-AA8A22C337DA}.Ad-Hoc|x64.Build.0 = Release|x64
		{842EB404-FBE2-44DB-BB29-AA8A22C337DA}.Ad-Hoc|x64.Deploy.0 = Release|x64
		{842EB404-FBE2-44DB-BB29-AA8A22C337DA}.Ad-Hoc|x86.ActiveCfg = Release|x86
		{842EB404-FBE2-44DB-BB29-AA8A22C337DA}.Ad-Hoc|x86.Build.0 = Release|x86
		{842EB404-FBE2-44DB-BB29-AA8A22C337DA}.Ad-Hoc|x86.Deploy.0 = Release|x86
		{842EB404-FBE2-44DB-BB29-AA8A22C337DA}.AppStore|Any CPU.ActiveCfg = Release|x86
		{842EB404-FBE2-44DB-BB29-AA8A22C337DA}.AppStore|Any CPU.Build.0 = Release|x86
		{842EB404-FBE2-44DB-BB29-AA8A22C337DA}.AppStore|Any CPU.Deploy.0 = Release|x86
		{842EB404-FBE2-44DB-BB29-AA8A22C337DA}.AppStore|ARM.ActiveCfg = Release|ARM
		{842EB404-FBE2-44DB-BB29-AA8A22C337DA}.AppStore|ARM.Build.0 = Release|ARM
		{842EB404-FBE2-44DB-BB29-AA8A22C337DA}.AppStore|ARM.Deploy.0 = Release|ARM
		{842EB404-FBE2-44DB-BB29-AA8A22C337DA}.AppStore|iPhone.ActiveCfg = Release|x86
		{842EB404-FBE2-44DB-BB29-AA8A22C337DA}.AppStore|iPhone.Build.0 = Release|x86
		{842EB404-FBE2-44DB-BB29-AA8A22C337DA}.AppStore|iPhone.Deploy.0 = Release|x86
		{842EB404-FBE2-44DB-BB29-AA8A22C337DA}.AppStore|iPhoneSimulator.ActiveCfg = Release|x86
		{842EB404-FBE2-44DB-BB29-AA8A22C337DA}.AppStore|iPhoneSimulator.Build.0 = Release|x86
		{842EB404-FBE2-44DB-BB29-AA8A22C337DA}.AppStore|iPhoneSimulator.Deploy.0 = Release|x86
		{842EB404-FBE2-44DB-BB29-AA8A22C337DA}.AppStore|x64.ActiveCfg = Release|x64
		{842EB404-FBE2-44DB-BB29-AA8A22C337DA}.AppStore|x64.Build.0 = Release|x64
		{842EB404-FBE2-44DB-BB29-AA8A22C337DA}.AppStore|x64.Deploy.0 = Release|x64
		{842EB404-FBE2-44DB-BB29-AA8A22C337DA}.AppStore|x86.ActiveCfg = Release|x86
		{842EB404-FBE2-44DB-BB29-AA8A22C337DA}.AppStore|x86.Build.0 = Release|x86
		{842EB404-FBE2-44DB-BB29-AA8A22C337DA}.AppStore|x86.Deploy.0 = Release|x86
		{842EB404-FBE2-44DB-BB29-AA8A22C337DA}.Debug|Any CPU.ActiveCfg = Debug|x86
		{842EB404-FBE2-44DB-BB29-AA8A22C337DA}.Debug|Any CPU.Build.0 = Debug|x86
		{842EB404-FBE2-44DB-BB29-AA8A22C337DA}.Debug|Any CPU.Deploy.0 = Debug|x86
		{842EB404-FBE2-44DB-BB29-AA8A22C337DA}.Debug|ARM.ActiveCfg = Debug|ARM
		{842EB404-FBE2-44DB-BB29-AA8A22C337DA}.Debug|ARM.Build.0 = Debug|ARM
		{842EB404-FBE2-44DB-BB29-AA8A22C337DA}.Debug|ARM.Deploy.0 = Debug|ARM
		{842EB404-FBE2-44DB-BB29-AA8A22C337DA}.Debug|iPhone.ActiveCfg = Debug|x86
		{842EB404-FBE2-44DB-BB29-AA8A22C337DA}.Debug|iPhone.Build.0 = Debug|x86
		{842EB404-FBE2-44DB-BB29-AA8A22C337DA}.Debug|iPhone.Deploy.0 = Debug|x86
		{842EB404-FBE2-44DB-BB29-AA8A22C337DA}.Debug|iPhoneSimulator.ActiveCfg = Debug|x86
		{842EB404-FBE2-44DB-BB29-AA8A22C337DA}.Debug|iPhoneSimulator.Build.0 = Debug|x86
		{842EB404-FBE2-44DB-BB29-AA8A22C337DA}.Debug|iPhoneSimulator.Deploy.0 = Debug|x86
		{842EB404-FBE2-44DB-BB29-AA8A22C337DA}.Debug|x64.ActiveCfg = Debug|x64
		{842EB404-FBE2-44DB-BB29-AA8A22C337DA}.Debug|x64.Build.0 = Debug|x64
		{842EB404-FBE2-44DB-BB29-AA8A22C337DA}.Debug|x64.Deploy.0 = Debug|x64
		{842EB404-FBE2-44DB-BB29-AA8A22C337DA}.Debug|x86.ActiveCfg = Debug|x86
		{842EB404-FBE2-44DB-BB29-AA8A22C337DA}.Debug|x86.Build.0 = Debug|x86
		{842EB404-FBE2-44DB-BB29-AA8A22C337DA}.Debug|x86.Deploy.0 = Debug|x86
		{842EB404-FBE2-44DB-BB29-AA8A22C337DA}.Release|Any CPU.ActiveCfg = Release|x86
		{842EB404-FBE2-44DB-BB29-AA8A22C337DA}.Release|Any CPU.Build.0 = Release|x86
		{842EB404-FBE2-44DB-BB29-AA8A22C337DA}.Release|Any CPU.Deploy.0 = Release|x86
		{842EB404-FBE2-44DB-BB29-AA8A22C337DA}.Release|ARM.ActiveCfg = Release|ARM
		{842EB404-FBE2-44DB-BB29-AA8A22C337DA}.Release|ARM.Build.0 = Release|ARM
		{842EB404-FBE2-44DB-BB29-AA8A22C337DA}.Release|ARM.Deploy.0 = Release|ARM
		{842EB404-FBE2-44DB-BB29-AA8A22C337DA}.Release|iPhone.ActiveCfg = Release|x86
		{842EB404-FBE2-44DB-BB29-AA8A22C337DA}.Release|iPhone.Build.0 = Release|x86
		{842EB404-FBE2-44DB-BB29-AA8A22C337DA}.Release|iPhone.Deploy.0 = Release|x86
		{842EB404-FBE2-44DB-BB29-AA8A22C337DA}.Release|iPhoneSimulator.ActiveCfg = Release|x86
		{842EB404-FBE2-44DB-BB29-AA8A22C337DA}.Release|iPhoneSimulator.Build.0 = Release|x86
		{842EB404-FBE2-44DB-BB29-AA8A22C337DA}.Release|iPhoneSimulator.Deploy.0 = Release|x86
		{842EB404-FBE2-44DB-BB29-AA8A22C337DA}.Release|x64.ActiveCfg = Release|x64
		{842EB404-FBE2-44DB-BB29-AA8A22C337DA}.Release|x64.Build.0 = Release|x64
		{842EB404-FBE2-44DB-BB29-AA8A22C337DA}.Release|x64.Deploy.0 = Release|x64
		{842EB404-FBE2-44DB-BB29-AA8A22C337DA}.Release|x86.ActiveCfg = Release|x86
		{842EB404-FBE2-44DB-BB29-AA8A22C337DA}.Release|x86.Build.0 = Release|x86
		{842EB404-FBE2-44DB-BB29-AA8A22C337DA}.Release|x86.Deploy.0 = Release|x86
		{60EB75B9-C8C0-4B51-A547-0FE3FFBBFC59}.Ad-Hoc|Any CPU.ActiveCfg = Debug|Any CPU
		{60EB75B9-C8C0-4B51-A547-0FE3FFBBFC59}.Ad-Hoc|Any CPU.Build.0 = Debug|Any CPU
		{60EB75B9-C8C0-4B51-A547-0FE3FFBBFC59}.Ad-Hoc|Any CPU.Deploy.0 = Debug|Any CPU
		{60EB75B9-C8C0-4B51-A547-0FE3FFBBFC59}.Ad-Hoc|ARM.ActiveCfg = Debug|Any CPU
		{60EB75B9-C8C0-4B51-A547-0FE3FFBBFC59}.Ad-Hoc|ARM.Build.0 = Debug|Any CPU
		{60EB75B9-C8C0-4B51-A547-0FE3FFBBFC59}.Ad-Hoc|ARM.Deploy.0 = Debug|Any CPU
		{60EB75B9-C8C0-4B51-A547-0FE3FFBBFC59}.Ad-Hoc|iPhone.ActiveCfg = Debug|Any CPU
		{60EB75B9-C8C0-4B51-A547-0FE3FFBBFC59}.Ad-Hoc|iPhone.Build.0 = Debug|Any CPU
		{60EB75B9-C8C0-4B51-A547-0FE3FFBBFC59}.Ad-Hoc|iPhone.Deploy.0 = Debug|Any CPU
		{60EB75B9-C8C0-4B51-A547-0FE3FFBBFC59}.Ad-Hoc|iPhoneSimulator.ActiveCfg = Debug|Any CPU
		{60EB75B9-C8C0-4B51-A547-0FE3FFBBFC59}.Ad-Hoc|iPhoneSimulator.Build.0 = Debug|Any CPU
		{60EB75B9-C8C0-4B51-A547-0FE3FFBBFC59}.Ad-Hoc|iPhoneSimulator.Deploy.0 = Debug|Any CPU
		{60EB75B9-C8C0-4B51-A547-0FE3FFBBFC59}.Ad-Hoc|x64.ActiveCfg = Debug|Any CPU
		{60EB75B9-C8C0-4B51-A547-0FE3FFBBFC59}.Ad-Hoc|x64.Build.0 = Debug|Any CPU
		{60EB75B9-C8C0-4B51-A547-0FE3FFBBFC59}.Ad-Hoc|x64.Deploy.0 = Debug|Any CPU
		{60EB75B9-C8C0-4B51-A547-0FE3FFBBFC59}.Ad-Hoc|x86.ActiveCfg = Debug|Any CPU
		{60EB75B9-C8C0-4B51-A547-0FE3FFBBFC59}.Ad-Hoc|x86.Build.0 = Debug|Any CPU
		{60EB75B9-C8C0-4B51-A547-0FE3FFBBFC59}.Ad-Hoc|x86.Deploy.0 = Debug|Any CPU
		{60EB75B9-C8C0-4B51-A547-0FE3FFBBFC59}.AppStore|Any CPU.ActiveCfg = Debug|Any CPU
		{60EB75B9-C8C0-4B51-A547-0FE3FFBBFC59}.AppStore|Any CPU.Build.0 = Debug|Any CPU
		{60EB75B9-C8C0-4B51-A547-0FE3FFBBFC59}.AppStore|Any CPU.Deploy.0 = Debug|Any CPU
		{60EB75B9-C8C0-4B51-A547-0FE3FFBBFC59}.AppStore|ARM.ActiveCfg = Debug|Any CPU
		{60EB75B9-C8C0-4B51-A547-0FE3FFBBFC59}.AppStore|ARM.Build.0 = Debug|Any CPU
		{60EB75B9-C8C0-4B51-A547-0FE3FFBBFC59}.AppStore|ARM.Deploy.0 = Debug|Any CPU
		{60EB75B9-C8C0-4B51-A547-0FE3FFBBFC59}.AppStore|iPhone.ActiveCfg = Debug|Any CPU
		{60EB75B9-C8C0-4B51-A547-0FE3FFBBFC59}.AppStore|iPhone.Build.0 = Debug|Any CPU
		{60EB75B9-C8C0-4B51-A547-0FE3FFBBFC59}.AppStore|iPhone.Deploy.0 = Debug|Any CPU
		{60EB75B9-C8C0-4B51-A547-0FE3FFBBFC59}.AppStore|iPhoneSimulator.ActiveCfg = Debug|Any CPU
		{60EB75B9-C8C0-4B51-A547-0FE3FFBBFC59}.AppStore|iPhoneSimulator.Build.0 = Debug|Any CPU
		{60EB75B9-C8C0-4B51-A547-0FE3FFBBFC59}.AppStore|iPhoneSimulator.Deploy.0 = Debug|Any CPU
		{60EB75B9-C8C0-4B51-A547-0FE3FFBBFC59}.AppStore|x64.ActiveCfg = Debug|Any CPU
		{60EB75B9-C8C0-4B51-A547-0FE3FFBBFC59}.AppStore|x64.Build.0 = Debug|Any CPU
		{60EB75B9-C8C0-4B51-A547-0FE3FFBBFC59}.AppStore|x64.Deploy.0 = Debug|Any CPU
		{60EB75B9-C8C0-4B51-A547-0FE3FFBBFC59}.AppStore|x86.ActiveCfg = Debug|Any CPU
		{60EB75B9-C8C0-4B51-A547-0FE3FFBBFC59}.AppStore|x86.Build.0 = Debug|Any CPU
		{60EB75B9-C8C0-4B51-A547-0FE3FFBBFC59}.AppStore|x86.Deploy.0 = Debug|Any CPU
		{60EB75B9-C8C0-4B51-A547-0FE3FFBBFC59}.Debug|Any CPU.ActiveCfg = Debug|Any CPU
		{60EB75B9-C8C0-4B51-A547-0FE3FFBBFC59}.Debug|Any CPU.Build.0 = Debug|Any CPU
		{60EB75B9-C8C0-4B51-A547-0FE3FFBBFC59}.Debug|Any CPU.Deploy.0 = Debug|Any CPU
		{60EB75B9-C8C0-4B51-A547-0FE3FFBBFC59}.Debug|ARM.ActiveCfg = Debug|Any CPU
		{60EB75B9-C8C0-4B51-A547-0FE3FFBBFC59}.Debug|ARM.Build.0 = Debug|Any CPU
		{60EB75B9-C8C0-4B51-A547-0FE3FFBBFC59}.Debug|ARM.Deploy.0 = Debug|Any CPU
		{60EB75B9-C8C0-4B51-A547-0FE3FFBBFC59}.Debug|iPhone.ActiveCfg = Debug|Any CPU
		{60EB75B9-C8C0-4B51-A547-0FE3FFBBFC59}.Debug|iPhone.Build.0 = Debug|Any CPU
		{60EB75B9-C8C0-4B51-A547-0FE3FFBBFC59}.Debug|iPhone.Deploy.0 = Debug|Any CPU
		{60EB75B9-C8C0-4B51-A547-0FE3FFBBFC59}.Debug|iPhoneSimulator.ActiveCfg = Debug|Any CPU
		{60EB75B9-C8C0-4B51-A547-0FE3FFBBFC59}.Debug|iPhoneSimulator.Build.0 = Debug|Any CPU
		{60EB75B9-C8C0-4B51-A547-0FE3FFBBFC59}.Debug|iPhoneSimulator.Deploy.0 = Debug|Any CPU
		{60EB75B9-C8C0-4B51-A547-0FE3FFBBFC59}.Debug|x64.ActiveCfg = Debug|Any CPU
		{60EB75B9-C8C0-4B51-A547-0FE3FFBBFC59}.Debug|x64.Build.0 = Debug|Any CPU
		{60EB75B9-C8C0-4B51-A547-0FE3FFBBFC59}.Debug|x64.Deploy.0 = Debug|Any CPU
		{60EB75B9-C8C0-4B51-A547-0FE3FFBBFC59}.Debug|x86.ActiveCfg = Debug|Any CPU
		{60EB75B9-C8C0-4B51-A547-0FE3FFBBFC59}.Debug|x86.Build.0 = Debug|Any CPU
		{60EB75B9-C8C0-4B51-A547-0FE3FFBBFC59}.Debug|x86.Deploy.0 = Debug|Any CPU
		{60EB75B9-C8C0-4B51-A547-0FE3FFBBFC59}.Release|Any CPU.ActiveCfg = Release|Any CPU
		{60EB75B9-C8C0-4B51-A547-0FE3FFBBFC59}.Release|Any CPU.Build.0 = Release|Any CPU
		{60EB75B9-C8C0-4B51-A547-0FE3FFBBFC59}.Release|Any CPU.Deploy.0 = Release|Any CPU
		{60EB75B9-C8C0-4B51-A547-0FE3FFBBFC59}.Release|ARM.ActiveCfg = Release|Any CPU
		{60EB75B9-C8C0-4B51-A547-0FE3FFBBFC59}.Release|ARM.Build.0 = Release|Any CPU
		{60EB75B9-C8C0-4B51-A547-0FE3FFBBFC59}.Release|ARM.Deploy.0 = Release|Any CPU
		{60EB75B9-C8C0-4B51-A547-0FE3FFBBFC59}.Release|iPhone.ActiveCfg = Release|Any CPU
		{60EB75B9-C8C0-4B51-A547-0FE3FFBBFC59}.Release|iPhone.Build.0 = Release|Any CPU
		{60EB75B9-C8C0-4B51-A547-0FE3FFBBFC59}.Release|iPhone.Deploy.0 = Release|Any CPU
		{60EB75B9-C8C0-4B51-A547-0FE3FFBBFC59}.Release|iPhoneSimulator.ActiveCfg = Release|Any CPU
		{60EB75B9-C8C0-4B51-A547-0FE3FFBBFC59}.Release|iPhoneSimulator.Build.0 = Release|Any CPU
		{60EB75B9-C8C0-4B51-A547-0FE3FFBBFC59}.Release|iPhoneSimulator.Deploy.0 = Release|Any CPU
		{60EB75B9-C8C0-4B51-A547-0FE3FFBBFC59}.Release|x64.ActiveCfg = Release|Any CPU
		{60EB75B9-C8C0-4B51-A547-0FE3FFBBFC59}.Release|x64.Build.0 = Release|Any CPU
		{60EB75B9-C8C0-4B51-A547-0FE3FFBBFC59}.Release|x64.Deploy.0 = Release|Any CPU
		{60EB75B9-C8C0-4B51-A547-0FE3FFBBFC59}.Release|x86.ActiveCfg = Release|Any CPU
		{60EB75B9-C8C0-4B51-A547-0FE3FFBBFC59}.Release|x86.Build.0 = Release|Any CPU
		{60EB75B9-C8C0-4B51-A547-0FE3FFBBFC59}.Release|x86.Deploy.0 = Release|Any CPU
	EndGlobalSection
	GlobalSection(SolutionProperties) = preSolution
		HideSolutionNode = FALSE
	EndGlobalSection
	GlobalSection(ExtensibilityGlobals) = postSolution
		SolutionGuid = {206BB096-F405-466D-B628-4FD877BAEE66}
	EndGlobalSection
EndGlobal
